
Microsoft Visual Studio Solution File, Format Version 12.00
# Visual Studio Version 17
VisualStudioVersion = 17.9.34714.143
MinimumVisualStudioVersion = 10.0.40219.1
Project("{8BC9CEB8-8B4A-11D0-8D11-00A0C91BC942}") = "Project1", "Project1.vcxproj", "{89660791-145D-45C9-9A36-2DC203DE201D}"
EndProject
Global
	GlobalSection(SolutionConfigurationPlatforms) = preSolution
		Debug|x64 = Debug|x64
		Debug|x86 = Debug|x86
		Release|x64 = Release|x64
		Release|x86 = Release|x86
	EndGlobalSection
	GlobalSection(ProjectConfigurationPlatforms) = postSolution
		{89660791-145D-45C9-9A36-2DC203DE201D}.Debug|x64.ActiveCfg = Debug|x64
		{89660791-145D-45C9-9A36-2DC203DE201D}.Debug|x64.Build.0 = Debug|x64
		{89660791-145D-45C9-9A36-2DC203DE201D}.Debug|x86.ActiveCfg = Debug|Win32
		{89660791-145D-45C9-9A36-2DC203DE201D}.Debug|x86.Build.0 = Debug|Win32
		{89660791-145D-45C9-9A36-2DC203DE201D}.Release|x64.ActiveCfg = Release|x64
		{89660791-145D-45C9-9A36-2DC203DE201D}.Release|x64.Build.0 = Release|x64
		{89660791-145D-45C9-9A36-2DC203DE201D}.Release|x86.ActiveCfg = Release|Win32
		{89660791-145D-45C9-9A36-2DC203DE201D}.Release|x86.Build.0 = Release|Win32
	EndGlobalSection
	GlobalSection(SolutionProperties) = preSolution
		HideSolutionNode = FALSE
	EndGlobalSection
	GlobalSection(ExtensibilityGlobals) = postSolution
		SolutionGuid = {4D6C0E42-734A-4F92-92F8-9157B4AAD9C2}
	EndGlobalSection
EndGlobal
